
Microsoft Visual Studio Solution File, Format Version 12.00
# Visual Studio 15
VisualStudioVersion = 15.0.26730.16
MinimumVisualStudioVersion = 10.0.40219.1
Project("{FAE04EC0-301F-11D3-BF4B-00C04F79EFBC}") = "Calc1", "Calc1\Calc1.csproj", "{EE5A8280-874C-4657-8AB6-384843563BB3}"
EndProject
Global
	GlobalSection(SolutionConfigurationPlatforms) = preSolution
		Debug|Any CPU = Debug|Any CPU
		Release|Any CPU = Release|Any CPU
	EndGlobalSection
	GlobalSection(ProjectConfigurationPlatforms) = postSolution
		{EE5A8280-874C-4657-8AB6-384843563BB3}.Debug|Any CPU.ActiveCfg = Debug|Any CPU
		{EE5A8280-874C-4657-8AB6-384843563BB3}.Debug|Any CPU.Build.0 = Debug|Any CPU
		{EE5A8280-874C-4657-8AB6-384843563BB3}.Release|Any CPU.ActiveCfg = Release|Any CPU
		{EE5A8280-874C-4657-8AB6-384843563BB3}.Release|Any CPU.Build.0 = Release|Any CPU
	EndGlobalSection
	GlobalSection(SolutionProperties) = preSolution
		HideSolutionNode = FALSE
	EndGlobalSection
	GlobalSection(ExtensibilityGlobals) = postSolution
		SolutionGuid = {87792706-1DFC-48A9-9CE0-5040492D645A}
	EndGlobalSection
EndGlobal
